// !$*UTF8*$!
{
	archiveVersion = 1;
	classes = {
	};
	objectVersion = 46;
	objects = {

/* Begin PBXBuildFile section */
		6785454A1A5ED879008864E6 /* main.m in Sources */ = {isa = PBXBuildFile; fileRef = 678545491A5ED879008864E6 /* main.m */; };
		6785454D1A5ED879008864E6 /* AppDelegate.m in Sources */ = {isa = PBXBuildFile; fileRef = 6785454C1A5ED879008864E6 /* AppDelegate.m */; };
		678545501A5ED879008864E6 /* ViewController.m in Sources */ = {isa = PBXBuildFile; fileRef = 6785454F1A5ED879008864E6 /* ViewController.m */; };
		678545531A5ED879008864E6 /* Main.storyboard in Resources */ = {isa = PBXBuildFile; fileRef = 678545511A5ED879008864E6 /* Main.storyboard */; };
		678545551A5ED879008864E6 /* Images.xcassets in Resources */ = {isa = PBXBuildFile; fileRef = 678545541A5ED879008864E6 /* Images.xcassets */; };
		678545581A5ED879008864E6 /* LaunchScreen.xib in Resources */ = {isa = PBXBuildFile; fileRef = 678545561A5ED879008864E6 /* LaunchScreen.xib */; };
		678545641A5ED879008864E6 /* webview0Tests.m in Sources */ = {isa = PBXBuildFile; fileRef = 678545631A5ED879008864E6 /* webview0Tests.m */; };
/* End PBXBuildFile section */

/* Begin PBXContainerItemProxy section */
		6785455E1A5ED879008864E6 /* PBXContainerItemProxy */ = {
			isa = PBXContainerItemProxy;
			containerPortal = 6785453C1A5ED879008864E6 /* Project object */;
			proxyType = 1;
			remoteGlobalIDString = 678545431A5ED879008864E6;
			remoteInfo = webview0;
		};
/* End PBXContainerItemProxy section */

/* Begin PBXFileReference section */
		678545441A5ED879008864E6 /* webview0.app */ = {isa = PBXFileReference; explicitFileType = wrapper.application; includeInIndex = 0; path = webview0.app; sourceTree = BUILT_PRODUCTS_DIR; };
		678545481A5ED879008864E6 /* Info.plist */ = {isa = PBXFileReference; lastKnownFileType = text.plist.xml; path = Info.plist; sourceTree = "<group>"; };
		678545491A5ED879008864E6 /* main.m */ = {isa = PBXFileReference; lastKnownFileType = sourcecode.c.objc; path = main.m; sourceTree = "<group>"; };
		6785454B1A5ED879008864E6 /* AppDelegate.h */ = {isa = PBXFileReference; lastKnownFileType = sourcecode.c.h; path = AppDelegate.h; sourceTree = "<group>"; };
		6785454C1A5ED879008864E6 /* AppDelegate.m */ = {isa = PBXFileReference; lastKnownFileType = sourcecode.c.objc; path = AppDelegate.m; sourceTree = "<group>"; };
		6785454E1A5ED879008864E6 /* ViewController.h */ = {isa = PBXFileReference; lastKnownFileType = sourcecode.c.h; path = ViewController.h; sourceTree = "<group>"; };
		6785454F1A5ED879008864E6 /* ViewController.m */ = {isa = PBXFileReference; lastKnownFileType = sourcecode.c.objc; path = ViewController.m; sourceTree = "<group>"; };
		678545521A5ED879008864E6 /* Base */ = {isa = PBXFileReference; lastKnownFileType = file.storyboard; name = Base; path = Base.lproj/Main.storyboard; sourceTree = "<group>"; };
		678545541A5ED879008864E6 /* Images.xcassets */ = {isa = PBXFileReference; lastKnownFileType = folder.assetcatalog; path = Images.xcassets; sourceTree = "<group>"; };
		678545571A5ED879008864E6 /* Base */ = {isa = PBXFileReference; lastKnownFileType = file.xib; name = Base; path = Base.lproj/LaunchScreen.xib; sourceTree = "<group>"; };
		6785455D1A5ED879008864E6 /* webview0Tests.xctest */ = {isa = PBXFileReference; explicitFileType = wrapper.cfbundle; includeInIndex = 0; path = webview0Tests.xctest; sourceTree = BUILT_PRODUCTS_DIR; };
		678545621A5ED879008864E6 /* Info.plist */ = {isa = PBXFileReference; lastKnownFileType = text.plist.xml; path = Info.plist; sourceTree = "<group>"; };
		678545631A5ED879008864E6 /* webview0Tests.m */ = {isa = PBXFileReference; lastKnownFileType = sourcecode.c.objc; path = webview0Tests.m; sourceTree = "<group>"; };
/* End PBXFileReference section */

/* Begin PBXFrameworksBuildPhase section */
		678545411A5ED879008864E6 /* Frameworks */ = {
			isa = PBXFrameworksBuildPhase;
			buildActionMask = 2147483647;
			files = (
			);
			runOnlyForDeploymentPostprocessing = 0;
		};
		6785455A1A5ED879008864E6 /* Frameworks */ = {
			isa = PBXFrameworksBuildPhase;
			buildActionMask = 2147483647;
			files = (
			);
			runOnlyForDeploymentPostprocessing = 0;
		};
/* End PBXFrameworksBuildPhase section */

/* Begin PBXGroup section */
		6785453B1A5ED879008864E6 = {
			isa = PBXGroup;
			children = (
				678545461A5ED879008864E6 /* webview0 */,
				678545601A5ED879008864E6 /* webview0Tests */,
				678545451A5ED879008864E6 /* Products */,
			);
			sourceTree = "<group>";
		};
		678545451A5ED879008864E6 /* Products */ = {
			isa = PBXGroup;
			children = (
				678545441A5ED879008864E6 /* webview0.app */,
				6785455D1A5ED879008864E6 /* webview0Tests.xctest */,
			);
			name = Products;
			sourceTree = "<group>";
		};
		678545461A5ED879008864E6 /* webview0 */ = {
			isa = PBXGroup;
			children = (
				6785454B1A5ED879008864E6 /* AppDelegate.h */,
				6785454C1A5ED879008864E6 /* AppDelegate.m */,
				6785454E1A5ED879008864E6 /* ViewController.h */,
				6785454F1A5ED879008864E6 /* ViewController.m */,
				678545511A5ED879008864E6 /* Main.storyboard */,
				678545541A5ED879008864E6 /* Images.xcassets */,
				678545561A5ED879008864E6 /* LaunchScreen.xib */,
				678545471A5ED879008864E6 /* Supporting Files */,
			);
			path = webview0;
			sourceTree = "<group>";
		};
		678545471A5ED879008864E6 /* Supporting Files */ = {
			isa = PBXGroup;
			children = (
				678545481A5ED879008864E6 /* Info.plist */,
				678545491A5ED879008864E6 /* main.m */,
			);
			name = "Supporting Files";
			sourceTree = "<group>";
		};
		678545601A5ED879008864E6 /* webview0Tests */ = {
			isa = PBXGroup;
			children = (
				678545631A5ED879008864E6 /* webview0Tests.m */,
				678545611A5ED879008864E6 /* Supporting Files */,
			);
			path = webview0Tests;
			sourceTree = "<group>";
		};
		678545611A5ED879008864E6 /* Supporting Files */ = {
			isa = PBXGroup;
			children = (
				678545621A5ED879008864E6 /* Info.plist */,
			);
			name = "Supporting Files";
			sourceTree = "<group>";
		};
/* End PBXGroup section */

/* Begin PBXNativeTarget section */
		678545431A5ED879008864E6 /* webview0 */ = {
			isa = PBXNativeTarget;
			buildConfigurationList = 678545671A5ED879008864E6 /* Build configuration list for PBXNativeTarget "webview0" */;
			buildPhases = (
				678545401A5ED879008864E6 /* Sources */,
				678545411A5ED879008864E6 /* Frameworks */,
				678545421A5ED879008864E6 /* Resources */,
			);
			buildRules = (
			);
			dependencies = (
			);
			name = webview0;
			productName = webview0;
			productReference = 678545441A5ED879008864E6 /* webview0.app */;
			productType = "com.apple.product-type.application";
		};
		6785455C1A5ED879008864E6 /* webview0Tests */ = {
			isa = PBXNativeTarget;
			buildConfigurationList = 6785456A1A5ED879008864E6 /* Build configuration list for PBXNativeTarget "webview0Tests" */;
			buildPhases = (
				678545591A5ED879008864E6 /* Sources */,
				6785455A1A5ED879008864E6 /* Frameworks */,
				6785455B1A5ED879008864E6 /* Resources */,
			);
			buildRules = (
			);
			dependencies = (
				6785455F1A5ED879008864E6 /* PBXTargetDependency */,
			);
			name = webview0Tests;
			productName = webview0Tests;
			productReference = 6785455D1A5ED879008864E6 /* webview0Tests.xctest */;
			productType = "com.apple.product-type.bundle.unit-test";
		};
/* End PBXNativeTarget section */

/* Begin PBXProject section */
		6785453C1A5ED879008864E6 /* Project object */ = {
			isa = PBXProject;
			attributes = {
				LastUpgradeCheck = 0610;
				ORGANIZATIONNAME = yoon;
				TargetAttributes = {
					678545431A5ED879008864E6 = {
						CreatedOnToolsVersion = 6.1.1;
					};
					6785455C1A5ED879008864E6 = {
						CreatedOnToolsVersion = 6.1.1;
						TestTargetID = 678545431A5ED879008864E6;
					};
				};
			};
			buildConfigurationList = 6785453F1A5ED879008864E6 /* Build configuration list for PBXProject "webview0" */;
			compatibilityVersion = "Xcode 3.2";
			developmentRegion = English;
			hasScannedForEncodings = 0;
			knownRegions = (
				en,
				Base,
			);
			mainGroup = 6785453B1A5ED879008864E6;
			productRefGroup = 678545451A5ED879008864E6 /* Products */;
			projectDirPath = "";
			projectRoot = "";
			targets = (
				678545431A5ED879008864E6 /* webview0 */,
				6785455C1A5ED879008864E6 /* webview0Tests */,
			);
		};
/* End PBXProject section */

/* Begin PBXResourcesBuildPhase section */
		678545421A5ED879008864E6 /* Resources */ = {
			isa = PBXResourcesBuildPhase;
			buildActionMask = 2147483647;
			files = (
				678545531A5ED879008864E6 /* Main.storyboard in Resources */,
				678545581A5ED879008864E6 /* LaunchScreen.xib in Resources */,
				678545551A5ED879008864E6 /* Images.xcassets in Resources */,
			);
			runOnlyForDeploymentPostprocessing = 0;
		};
		6785455B1A5ED879008864E6 /* Resources */ = {
			isa = PBXResourcesBuildPhase;
			buildActionMask = 2147483647;
			files = (
			);
			runOnlyForDeploymentPostprocessing = 0;
		};
/* End PBXResourcesBuildPhase section */

/* Begin PBXSourcesBuildPhase section */
		678545401A5ED879008864E6 /* Sources */ = {
			isa = PBXSourcesBuildPhase;
			buildActionMask = 2147483647;
			files = (
				678545501A5ED879008864E6 /* ViewController.m in Sources */,
				6785454D1A5ED879008864E6 /* AppDelegate.m in Sources */,
				6785454A1A5ED879008864E6 /* main.m in Sources */,
			);
			runOnlyForDeploymentPostprocessing = 0;
		};
		678545591A5ED879008864E6 /* Sources */ = {
			isa = PBXSourcesBuildPhase;
			buildActionMask = 2147483647;
			files = (
				678545641A5ED879008864E6 /* webview0Tests.m in Sources */,
			);
			runOnlyForDeploymentPostprocessing = 0;
		};
/* End PBXSourcesBuildPhase section */

/* Begin PBXTargetDependency section */
		6785455F1A5ED879008864E6 /* PBXTargetDependency */ = {
			isa = PBXTargetDependency;
			target = 678545431A5ED879008864E6 /* webview0 */;
			targetProxy = 6785455E1A5ED879008864E6 /* PBXContainerItemProxy */;
		};
/* End PBXTargetDependency section */

/* Begin PBXVariantGroup section */
		678545511A5ED879008864E6 /* Main.storyboard */ = {
			isa = PBXVariantGroup;
			children = (
				678545521A5ED879008864E6 /* Base */,
			);
			name = Main.storyboard;
			sourceTree = "<group>";
		};
		678545561A5ED879008864E6 /* LaunchScreen.xib */ = {
			isa = PBXVariantGroup;
			children = (
				678545571A5ED879008864E6 /* Base */,
			);
			name = LaunchScreen.xib;
			sourceTree = "<group>";
		};
/* End PBXVariantGroup section */

/* Begin XCBuildConfiguration section */
		678545651A5ED879008864E6 /* Debug */ = {
			isa = XCBuildConfiguration;
			buildSettings = {
				ALWAYS_SEARCH_USER_PATHS = NO;
				CLANG_CXX_LANGUAGE_STANDARD = "gnu++0x";
				CLANG_CXX_LIBRARY = "libc++";
				CLANG_ENABLE_MODULES = YES;
				CLANG_ENABLE_OBJC_ARC = YES;
				CLANG_WARN_BOOL_CONVERSION = YES;
				CLANG_WARN_CONSTANT_CONVERSION = YES;
				CLANG_WARN_DIRECT_OBJC_ISA_USAGE = YES_ERROR;
				CLANG_WARN_EMPTY_BODY = YES;
				CLANG_WARN_ENUM_CONVERSION = YES;
				CLANG_WARN_INT_CONVERSION = YES;
				CLANG_WARN_OBJC_ROOT_CLASS = YES_ERROR;
				CLANG_WARN_UNREACHABLE_CODE = YES;
				CLANG_WARN__DUPLICATE_METHOD_MATCH = YES;
				"CODE_SIGN_IDENTITY[sdk=iphoneos*]" = "iPhone Developer";
				COPY_PHASE_STRIP = NO;
				ENABLE_STRICT_OBJC_MSGSEND = YES;
				GCC_C_LANGUAGE_STANDARD = gnu99;
				GCC_DYNAMIC_NO_PIC = NO;
				GCC_OPTIMIZATION_LEVEL = 0;
				GCC_PREPROCESSOR_DEFINITIONS = (
					"DEBUG=1",
					"$(inherited)",
				);
				GCC_SYMBOLS_PRIVATE_EXTERN = NO;
				GCC_WARN_64_TO_32_BIT_CONVERSION = YES;
				GCC_WARN_ABOUT_RETURN_TYPE = YES_ERROR;
				GCC_WARN_UNDECLARED_SELECTOR = YES;
				GCC_WARN_UNINITIALIZED_AUTOS = YES_AGGRESSIVE;
				GCC_WARN_UNUSED_FUNCTION = YES;
				GCC_WARN_UNUSED_VARIABLE = YES;
				IPHONEOS_DEPLOYMENT_TARGET = 8.1;
				MTL_ENABLE_DEBUG_INFO = YES;
				ONLY_ACTIVE_ARCH = YES;
				SDKROOT = iphoneos;
			};
			name = Debug;
		};
		678545661A5ED879008864E6 /* Release */ = {
			isa = XCBuildConfiguration;
			buildSettings = {
				ALWAYS_SEARCH_USER_PATHS = NO;
				CLANG_CXX_LANGUAGE_STANDARD = "gnu++0x";
				CLANG_CXX_LIBRARY = "libc++";
				CLANG_ENABLE_MODULES = YES;
				CLANG_ENABLE_OBJC_ARC = YES;
				CLANG_WARN_BOOL_CONVERSION = YES;
				CLANG_WARN_CONSTANT_CONVERSION = YES;
				CLANG_WARN_DIRECT_OBJC_ISA_USAGE = YES_ERROR;
				CLANG_WARN_EMPTY_BODY = YES;
				CLANG_WARN_ENUM_CONVERSION = YES;
				CLANG_WARN_INT_CONVERSION = YES;
				CLANG_WARN_OBJC_ROOT_CLASS = YES_ERROR;
				CLANG_WARN_UNREACHABLE_CODE = YES;
				CLANG_WARN__DUPLICATE_METHOD_MATCH = YES;
				"CODE_SIGN_IDENTITY[sdk=iphoneos*]" = "iPhone Developer";
				COPY_PHASE_STRIP = YES;
				ENABLE_NS_ASSERTIONS = NO;
				ENABLE_STRICT_OBJC_MSGSEND = YES;
				GCC_C_LANGUAGE_STANDARD = gnu99;
				GCC_WARN_64_TO_32_BIT_CONVERSION = YES;
				GCC_WARN_ABOUT_RETURN_TYPE = YES_ERROR;
				GCC_WARN_UNDECLARED_SELECTOR = YES;
				GCC_WARN_UNINITIALIZED_AUTOS = YES_AGGRESSIVE;
				GCC_WARN_UNUSED_FUNCTION = YES;
				GCC_WARN_UNUSED_VARIABLE = YES;
				IPHONEOS_DEPLOYMENT_TARGET = 8.1;
				MTL_ENABLE_DEBUG_INFO = NO;
				SDKROOT = iphoneos;
				VALIDATE_PRODUCT = YES;
			};
			name = Release;
		};
		678545681A5ED879008864E6 /* Debug */ = {
			isa = XCBuildConfiguration;
			buildSettings = {
				ASSETCATALOG_COMPILER_APPICON_NAME = AppIcon;
				INFOPLIST_FILE = webview0/Info.plist;
				LD_RUNPATH_SEARCH_PATHS = "$(inherited) @executable_path/Frameworks";
				PRODUCT_NAME = "$(TARGET_NAME)";
			};
			name = Debug;
		};
		678545691A5ED879008864E6 /* Release */ = {
			isa = XCBuildConfiguration;
			buildSettings = {
				ASSETCATALOG_COMPILER_APPICON_NAME = AppIcon;
				INFOPLIST_FILE = webview0/Info.plist;
				LD_RUNPATH_SEARCH_PATHS = "$(inherited) @executable_path/Frameworks";
				PRODUCT_NAME = "$(TARGET_NAME)";
			};
			name = Release;
		};
		6785456B1A5ED879008864E6 /* Debug */ = {
			isa = XCBuildConfiguration;
			buildSettings = {
				BUNDLE_LOADER = "$(TEST_HOST)";
				FRAMEWORK_SEARCH_PATHS = (
					"$(SDKROOT)/Developer/Library/Frameworks",
					"$(inherited)",
				);
				GCC_PREPROCESSOR_DEFINITIONS = (
					"DEBUG=1",
					"$(inherited)",
				);
				INFOPLIST_FILE = webview0Tests/Info.plist;
				LD_RUNPATH_SEARCH_PATHS = "$(inherited) @executable_path/Frameworks @loader_path/Frameworks";
				PRODUCT_NAME = "$(TARGET_NAME)";
				TEST_HOST = "$(BUILT_PRODUCTS_DIR)/webview0.app/webview0";
			};
			name = Debug;
		};
		6785456C1A5ED879008864E6 /* Release */ = {
			isa = XCBuildConfiguration;
			buildSettings = {
				BUNDLE_LOADER = "$(TEST_HOST)";
				FRAMEWORK_SEARCH_PATHS = (
					"$(SDKROOT)/Developer/Library/Frameworks",
					"$(inherited)",
				);
				INFOPLIST_FILE = webview0Tests/Info.plist;
				LD_RUNPATH_SEARCH_PATHS = "$(inherited) @executable_path/Frameworks @loader_path/Frameworks";
				PRODUCT_NAME = "$(TARGET_NAME)";
				TEST_HOST = "$(BUILT_PRODUCTS_DIR)/webview0.app/webview0";
			};
			name = Release;
		};
/* End XCBuildConfiguration section */

/* Begin XCConfigurationList section */
		6785453F1A5ED879008864E6 /* Build configuration list for PBXProject "webview0" */ = {
			isa = XCConfigurationList;
			buildConfigurations = (
				678545651A5ED879008864E6 /* Debug */,
				678545661A5ED879008864E6 /* Release */,
			);
			defaultConfigurationIsVisible = 0;
			defaultConfigurationName = Release;
		};
		678545671A5ED879008864E6 /* Build configuration list for PBXNativeTarget "webview0" */ = {
			isa = XCConfigurationList;
			buildConfigurations = (
				678545681A5ED879008864E6 /* Debug */,
				678545691A5ED879008864E6 /* Release */,
			);
			defaultConfigurationIsVisible = 0;
		};
		6785456A1A5ED879008864E6 /* Build configuration list for PBXNativeTarget "webview0Tests" */ = {
			isa = XCConfigurationList;
			buildConfigurations = (
				6785456B1A5ED879008864E6 /* Debug */,
				6785456C1A5ED879008864E6 /* Release */,
			);
			defaultConfigurationIsVisible = 0;
		};
/* End XCConfigurationList section */
	};
	rootObject = 6785453C1A5ED879008864E6 /* Project object */;
}
